
Microsoft Visual Studio Solution File, Format Version 12.00
# Visual Studio Version 17
VisualStudioVersion = 17.0.32112.339
MinimumVisualStudioVersion = 10.0.40219.1
Project("{FAE04EC0-301F-11D3-BF4B-00C04F79EFBC}") = "POS", "POS\POS.csproj", "{42308A6F-1C18-4288-9083-D8A4F81D7C02}"
EndProject
Global
	GlobalSection(SolutionConfigurationPlatforms) = preSolution
		Debug|Any CPU = Debug|Any CPU
		Release|Any CPU = Release|Any CPU
	EndGlobalSection
	GlobalSection(ProjectConfigurationPlatforms) = postSolution
		{42308A6F-1C18-4288-9083-D8A4F81D7C02}.Debug|Any CPU.ActiveCfg = Debug|Any CPU
		{42308A6F-1C18-4288-9083-D8A4F81D7C02}.Debug|Any CPU.Build.0 = Debug|Any CPU
		{42308A6F-1C18-4288-9083-D8A4F81D7C02}.Release|Any CPU.ActiveCfg = Release|Any CPU
		{42308A6F-1C18-4288-9083-D8A4F81D7C02}.Release|Any CPU.Build.0 = Release|Any CPU
	EndGlobalSection
	GlobalSection(SolutionProperties) = preSolution
		HideSolutionNode = FALSE
	EndGlobalSection
	GlobalSection(ExtensibilityGlobals) = postSolution
		SolutionGuid = {7792AE02-71C4-4340-AF95-DF3DD29A0DA0}
	EndGlobalSection
EndGlobal
